
Microsoft Visual Studio Solution File, Format Version 12.00
# Visual Studio Version 17
VisualStudioVersion = 17.6.33723.286
MinimumVisualStudioVersion = 10.0.40219.1
Project("{FAE04EC0-301F-11D3-BF4B-00C04F79EFBC}") = "HelloWorldSolutionIMS", "HelloWorldSolutionIMS\HelloWorldSolutionIMS.csproj", "{AF1D3B7A-10B6-4CFC-ADA8-6C111C78160D}"
EndProject
Project("{54435603-DBB4-11D2-8724-00A0C9A8B90C}") = "DietPlannerSetup", "DietPlannerSetup\DietPlannerSetup.vdproj", "{666C88E1-D5B9-4D25-9302-64C35270DD17}"
EndProject
Global
	GlobalSection(SolutionConfigurationPlatforms) = preSolution
		Debug|Any CPU = Debug|Any CPU
		Release|Any CPU = Release|Any CPU
	EndGlobalSection
	GlobalSection(ProjectConfigurationPlatforms) = postSolution
		{AF1D3B7A-10B6-4CFC-ADA8-6C111C78160D}.Debug|Any CPU.ActiveCfg = Debug|Any CPU
		{AF1D3B7A-10B6-4CFC-ADA8-6C111C78160D}.Debug|Any CPU.Build.0 = Debug|Any CPU
		{AF1D3B7A-10B6-4CFC-ADA8-6C111C78160D}.Release|Any CPU.ActiveCfg = Release|Any CPU
		{AF1D3B7A-10B6-4CFC-ADA8-6C111C78160D}.Release|Any CPU.Build.0 = Release|Any CPU
		{666C88E1-D5B9-4D25-9302-64C35270DD17}.Debug|Any CPU.ActiveCfg = Debug
		{666C88E1-D5B9-4D25-9302-64C35270DD17}.Release|Any CPU.ActiveCfg = Release
	EndGlobalSection
	GlobalSection(SolutionProperties) = preSolution
		HideSolutionNode = FALSE
	EndGlobalSection
	GlobalSection(ExtensibilityGlobals) = postSolution
		SolutionGuid = {B852D170-DAC1-4BB1-B5A9-27C9FD7F4DF9}
	EndGlobalSection
EndGlobal
